// !$*UTF8*$!
{
	archiveVersion = 1;
	classes = {
	};
	objectVersion = 55;
	objects = {

/* Begin PBXBuildFile section */
		6D26F2812721116E0049ED67 /* Map_TutorialApp.swift in Sources */ = {isa = PBXBuildFile; fileRef = 6D26F2802721116E0049ED67 /* Map_TutorialApp.swift */; };
		6D26F2832721116E0049ED67 /* ContentView.swift in Sources */ = {isa = PBXBuildFile; fileRef = 6D26F2822721116E0049ED67 /* ContentView.swift */; };
		6D26F2852721116E0049ED67 /* Assets.xcassets in Resources */ = {isa = PBXBuildFile; fileRef = 6D26F2842721116E0049ED67 /* Assets.xcassets */; };
		6D26F2882721116E0049ED67 /* Preview Assets.xcassets in Resources */ = {isa = PBXBuildFile; fileRef = 6D26F2872721116E0049ED67 /* Preview Assets.xcassets */; };
		6D26F2922721116E0049ED67 /* Map_TutorialTests.swift in Sources */ = {isa = PBXBuildFile; fileRef = 6D26F2912721116E0049ED67 /* Map_TutorialTests.swift */; };
		6D26F29C2721116E0049ED67 /* Map_TutorialUITests.swift in Sources */ = {isa = PBXBuildFile; fileRef = 6D26F29B2721116E0049ED67 /* Map_TutorialUITests.swift */; };
		6D26F29E2721116E0049ED67 /* Map_TutorialUITestsLaunchTests.swift in Sources */ = {isa = PBXBuildFile; fileRef = 6D26F29D2721116E0049ED67 /* Map_TutorialUITestsLaunchTests.swift */; };
/* End PBXBuildFile section */

/* Begin PBXContainerItemProxy section */
		6D26F28E2721116E0049ED67 /* PBXContainerItemProxy */ = {
			isa = PBXContainerItemProxy;
			containerPortal = 6D26F2752721116E0049ED67 /* Project object */;
			proxyType = 1;
			remoteGlobalIDString = 6D26F27C2721116E0049ED67;
			remoteInfo = Map_Tutorial;
		};
		6D26F2982721116E0049ED67 /* PBXContainerItemProxy */ = {
			isa = PBXContainerItemProxy;
			containerPortal = 6D26F2752721116E0049ED67 /* Project object */;
			proxyType = 1;
			remoteGlobalIDString = 6D26F27C2721116E0049ED67;
			remoteInfo = Map_Tutorial;
		};
/* End PBXContainerItemProxy section */

/* Begin PBXFileReference section */
		6D26F27D2721116E0049ED67 /* Map_Tutorial.app */ = {isa = PBXFileReference; explicitFileType = wrapper.application; includeInIndex = 0; path = Map_Tutorial.app; sourceTree = BUILT_PRODUCTS_DIR; };
		6D26F2802721116E0049ED67 /* Map_TutorialApp.swift */ = {isa = PBXFileReference; lastKnownFileType = sourcecode.swift; path = Map_TutorialApp.swift; sourceTree = "<group>"; };
		6D26F2822721116E0049ED67 /* ContentView.swift */ = {isa = PBXFileReference; lastKnownFileType = sourcecode.swift; path = ContentView.swift; sourceTree = "<group>"; };
		6D26F2842721116E0049ED67 /* Assets.xcassets */ = {isa = PBXFileReference; lastKnownFileType = folder.assetcatalog; path = Assets.xcassets; sourceTree = "<group>"; };
		6D26F2872721116E0049ED67 /* Preview Assets.xcassets */ = {isa = PBXFileReference; lastKnownFileType = folder.assetcatalog; path = "Preview Assets.xcassets"; sourceTree = "<group>"; };
		6D26F28D2721116E0049ED67 /* Map_TutorialTests.xctest */ = {isa = PBXFileReference; explicitFileType = wrapper.cfbundle; includeInIndex = 0; path = Map_TutorialTests.xctest; sourceTree = BUILT_PRODUCTS_DIR; };
		6D26F2912721116E0049ED67 /* Map_TutorialTests.swift */ = {isa = PBXFileReference; lastKnownFileType = sourcecode.swift; path = Map_TutorialTests.swift; sourceTree = "<group>"; };
		6D26F2972721116E0049ED67 /* Map_TutorialUITests.xctest */ = {isa = PBXFileReference; explicitFileType = wrapper.cfbundle; includeInIndex = 0; path = Map_TutorialUITests.xctest; sourceTree = BUILT_PRODUCTS_DIR; };
		6D26F29B2721116E0049ED67 /* Map_TutorialUITests.swift */ = {isa = PBXFileReference; lastKnownFileType = sourcecode.swift; path = Map_TutorialUITests.swift; sourceTree = "<group>"; };
		6D26F29D2721116E0049ED67 /* Map_TutorialUITestsLaunchTests.swift */ = {isa = PBXFileReference; lastKnownFileType = sourcecode.swift; path = Map_TutorialUITestsLaunchTests.swift; sourceTree = "<group>"; };
/* End PBXFileReference section */

/* Begin PBXFrameworksBuildPhase section */
		6D26F27A2721116E0049ED67 /* Frameworks */ = {
			isa = PBXFrameworksBuildPhase;
			buildActionMask = 2147483647;
			files = (
			);
			runOnlyForDeploymentPostprocessing = 0;
		};
		6D26F28A2721116E0049ED67 /* Frameworks */ = {
			isa = PBXFrameworksBuildPhase;
			buildActionMask = 2147483647;
			files = (
			);
			runOnlyForDeploymentPostprocessing = 0;
		};
		6D26F2942721116E0049ED67 /* Frameworks */ = {
			isa = PBXFrameworksBuildPhase;
			buildActionMask = 2147483647;
			files = (
			);
			runOnlyForDeploymentPostprocessing = 0;
		};
/* End PBXFrameworksBuildPhase section */

/* Begin PBXGroup section */
		6D26F2742721116E0049ED67 = {
			isa = PBXGroup;
			children = (
				6D26F27F2721116E0049ED67 /* Map_Tutorial */,
				6D26F2902721116E0049ED67 /* Map_TutorialTests */,
				6D26F29A2721116E0049ED67 /* Map_TutorialUITests */,
				6D26F27E2721116E0049ED67 /* Products */,
			);
			sourceTree = "<group>";
		};
		6D26F27E2721116E0049ED67 /* Products */ = {
			isa = PBXGroup;
			children = (
				6D26F27D2721116E0049ED67 /* Map_Tutorial.app */,
				6D26F28D2721116E0049ED67 /* Map_TutorialTests.xctest */,
				6D26F2972721116E0049ED67 /* Map_TutorialUITests.xctest */,
			);
			name = Products;
			sourceTree = "<group>";
		};
		6D26F27F2721116E0049ED67 /* Map_Tutorial */ = {
			isa = PBXGroup;
			children = (
				6D26F2802721116E0049ED67 /* Map_TutorialApp.swift */,
				6D26F2822721116E0049ED67 /* ContentView.swift */,
				6D26F2842721116E0049ED67 /* Assets.xcassets */,
				6D26F2862721116E0049ED67 /* Preview Content */,
			);
			path = Map_Tutorial;
			sourceTree = "<group>";
		};
		6D26F2862721116E0049ED67 /* Preview Content */ = {
			isa = PBXGroup;
			children = (
				6D26F2872721116E0049ED67 /* Preview Assets.xcassets */,
			);
			path = "Preview Content";
			sourceTree = "<group>";
		};
		6D26F2902721116E0049ED67 /* Map_TutorialTests */ = {
			isa = PBXGroup;
			children = (
				6D26F2912721116E0049ED67 /* Map_TutorialTests.swift */,
			);
			path = Map_TutorialTests;
			sourceTree = "<group>";
		};
		6D26F29A2721116E0049ED67 /* Map_TutorialUITests */ = {
			isa = PBXGroup;
			children = (
				6D26F29B2721116E0049ED67 /* Map_TutorialUITests.swift */,
				6D26F29D2721116E0049ED67 /* Map_TutorialUITestsLaunchTests.swift */,
			);
			path = Map_TutorialUITests;
			sourceTree = "<group>";
		};
/* End PBXGroup section */

/* Begin PBXNativeTarget section */
		6D26F27C2721116E0049ED67 /* Map_Tutorial */ = {
			isa = PBXNativeTarget;
			buildConfigurationList = 6D26F2A12721116E0049ED67 /* Build configuration list for PBXNativeTarget "Map_Tutorial" */;
			buildPhases = (
				6D26F2792721116E0049ED67 /* Sources */,
				6D26F27A2721116E0049ED67 /* Frameworks */,
				6D26F27B2721116E0049ED67 /* Resources */,
			);
			buildRules = (
			);
			dependencies = (
			);
			name = Map_Tutorial;
			productName = Map_Tutorial;
			productReference = 6D26F27D2721116E0049ED67 /* Map_Tutorial.app */;
			productType = "com.apple.product-type.application";
		};
		6D26F28C2721116E0049ED67 /* Map_TutorialTests */ = {
			isa = PBXNativeTarget;
			buildConfigurationList = 6D26F2A42721116E0049ED67 /* Build configuration list for PBXNativeTarget "Map_TutorialTests" */;
			buildPhases = (
				6D26F2892721116E0049ED67 /* Sources */,
				6D26F28A2721116E0049ED67 /* Frameworks */,
				6D26F28B2721116E0049ED67 /* Resources */,
			);
			buildRules = (
			);
			dependencies = (
				6D26F28F2721116E0049ED67 /* PBXTargetDependency */,
			);
			name = Map_TutorialTests;
			productName = Map_TutorialTests;
			productReference = 6D26F28D2721116E0049ED67 /* Map_TutorialTests.xctest */;
			productType = "com.apple.product-type.bundle.unit-test";
		};
		6D26F2962721116E0049ED67 /* Map_TutorialUITests */ = {
			isa = PBXNativeTarget;
			buildConfigurationList = 6D26F2A72721116E0049ED67 /* Build configuration list for PBXNativeTarget "Map_TutorialUITests" */;
			buildPhases = (
				6D26F2932721116E0049ED67 /* Sources */,
				6D26F2942721116E0049ED67 /* Frameworks */,
				6D26F2952721116E0049ED67 /* Resources */,
			);
			buildRules = (
			);
			dependencies = (
				6D26F2992721116E0049ED67 /* PBXTargetDependency */,
			);
			name = Map_TutorialUITests;
			productName = Map_TutorialUITests;
			productReference = 6D26F2972721116E0049ED67 /* Map_TutorialUITests.xctest */;
			productType = "com.apple.product-type.bundle.ui-testing";
		};
/* End PBXNativeTarget section */

/* Begin PBXProject section */
		6D26F2752721116E0049ED67 /* Project object */ = {
			isa = PBXProject;
			attributes = {
				BuildIndependentTargetsInParallel = 1;
				LastSwiftUpdateCheck = 1300;
				LastUpgradeCheck = 1300;
				TargetAttributes = {
					6D26F27C2721116E0049ED67 = {
						CreatedOnToolsVersion = 13.0;
					};
					6D26F28C2721116E0049ED67 = {
						CreatedOnToolsVersion = 13.0;
						TestTargetID = 6D26F27C2721116E0049ED67;
					};
					6D26F2962721116E0049ED67 = {
						CreatedOnToolsVersion = 13.0;
						TestTargetID = 6D26F27C2721116E0049ED67;
					};
				};
			};
			buildConfigurationList = 6D26F2782721116E0049ED67 /* Build configuration list for PBXProject "Map_Tutorial" */;
			compatibilityVersion = "Xcode 13.0";
			developmentRegion = en;
			hasScannedForEncodings = 0;
			knownRegions = (
				en,
				Base,
			);
			mainGroup = 6D26F2742721116E0049ED67;
			productRefGroup = 6D26F27E2721116E0049ED67 /* Products */;
			projectDirPath = "";
			projectRoot = "";
			targets = (
				6D26F27C2721116E0049ED67 /* Map_Tutorial */,
				6D26F28C2721116E0049ED67 /* Map_TutorialTests */,
				6D26F2962721116E0049ED67 /* Map_TutorialUITests */,
			);
		};
/* End PBXProject section */

/* Begin PBXResourcesBuildPhase section */
		6D26F27B2721116E0049ED67 /* Resources */ = {
			isa = PBXResourcesBuildPhase;
			buildActionMask = 2147483647;
			files = (
				6D26F2882721116E0049ED67 /* Preview Assets.xcassets in Resources */,
				6D26F2852721116E0049ED67 /* Assets.xcassets in Resources */,
			);
			runOnlyForDeploymentPostprocessing = 0;
		};
		6D26F28B2721116E0049ED67 /* Resources */ = {
			isa = PBXResourcesBuildPhase;
			buildActionMask = 2147483647;
			files = (
			);
			runOnlyForDeploymentPostprocessing = 0;
		};
		6D26F2952721116E0049ED67 /* Resources */ = {
			isa = PBXResourcesBuildPhase;
			buildActionMask = 2147483647;
			files = (
			);
			runOnlyForDeploymentPostprocessing = 0;
		};
/* End PBXResourcesBuildPhase section */

/* Begin PBXSourcesBuildPhase section */
		6D26F2792721116E0049ED67 /* Sources */ = {
			isa = PBXSourcesBuildPhase;
			buildActionMask = 2147483647;
			files = (
				6D26F2832721116E0049ED67 /* ContentView.swift in Sources */,
				6D26F2812721116E0049ED67 /* Map_TutorialApp.swift in Sources */,
			);
			runOnlyForDeploymentPostprocessing = 0;
		};
		6D26F2892721116E0049ED67 /* Sources */ = {
			isa = PBXSourcesBuildPhase;
			buildActionMask = 2147483647;
			files = (
				6D26F2922721116E0049ED67 /* Map_TutorialTests.swift in Sources */,
			);
			runOnlyForDeploymentPostprocessing = 0;
		};
		6D26F2932721116E0049ED67 /* Sources */ = {
			isa = PBXSourcesBuildPhase;
			buildActionMask = 2147483647;
			files = (
				6D26F29C2721116E0049ED67 /* Map_TutorialUITests.swift in Sources */,
				6D26F29E2721116E0049ED67 /* Map_TutorialUITestsLaunchTests.swift in Sources */,
			);
			runOnlyForDeploymentPostprocessing = 0;
		};
/* End PBXSourcesBuildPhase section */

/* Begin PBXTargetDependency section */
		6D26F28F2721116E0049ED67 /* PBXTargetDependency */ = {
			isa = PBXTargetDependency;
			target = 6D26F27C2721116E0049ED67 /* Map_Tutorial */;
			targetProxy = 6D26F28E2721116E0049ED67 /* PBXContainerItemProxy */;
		};
		6D26F2992721116E0049ED67 /* PBXTargetDependency */ = {
			isa = PBXTargetDependency;
			target = 6D26F27C2721116E0049ED67 /* Map_Tutorial */;
			targetProxy = 6D26F2982721116E0049ED67 /* PBXContainerItemProxy */;
		};
/* End PBXTargetDependency section */

/* Begin XCBuildConfiguration section */
		6D26F29F2721116E0049ED67 /* Debug */ = {
			isa = XCBuildConfiguration;
			buildSettings = {
				ALWAYS_SEARCH_USER_PATHS = NO;
				CLANG_ANALYZER_NONNULL = YES;
				CLANG_ANALYZER_NUMBER_OBJECT_CONVERSION = YES_AGGRESSIVE;
				CLANG_CXX_LANGUAGE_STANDARD = "gnu++17";
				CLANG_CXX_LIBRARY = "libc++";
				CLANG_ENABLE_MODULES = YES;
				CLANG_ENABLE_OBJC_ARC = YES;
				CLANG_ENABLE_OBJC_WEAK = YES;
				CLANG_WARN_BLOCK_CAPTURE_AUTORELEASING = YES;
				CLANG_WARN_BOOL_CONVERSION = YES;
				CLANG_WARN_COMMA = YES;
				CLANG_WARN_CONSTANT_CONVERSION = YES;
				CLANG_WARN_DEPRECATED_OBJC_IMPLEMENTATIONS = YES;
				CLANG_WARN_DIRECT_OBJC_ISA_USAGE = YES_ERROR;
				CLANG_WARN_DOCUMENTATION_COMMENTS = YES;
				CLANG_WARN_EMPTY_BODY = YES;
				CLANG_WARN_ENUM_CONVERSION = YES;
				CLANG_WARN_INFINITE_RECURSION = YES;
				CLANG_WARN_INT_CONVERSION = YES;
				CLANG_WARN_NON_LITERAL_NULL_CONVERSION = YES;
				CLANG_WARN_OBJC_IMPLICIT_RETAIN_SELF = YES;
				CLANG_WARN_OBJC_LITERAL_CONVERSION = YES;
				CLANG_WARN_OBJC_ROOT_CLASS = YES_ERROR;
				CLANG_WARN_QUOTED_INCLUDE_IN_FRAMEWORK_HEADER = YES;
				CLANG_WARN_RANGE_LOOP_ANALYSIS = YES;
				CLANG_WARN_STRICT_PROTOTYPES = YES;
				CLANG_WARN_SUSPICIOUS_MOVE = YES;
				CLANG_WARN_UNGUARDED_AVAILABILITY = YES_AGGRESSIVE;
				CLANG_WARN_UNREACHABLE_CODE = YES;
				CLANG_WARN__DUPLICATE_METHOD_MATCH = YES;
				COPY_PHASE_STRIP = NO;
				DEBUG_INFORMATION_FORMAT = dwarf;
				ENABLE_STRICT_OBJC_MSGSEND = YES;
				ENABLE_TESTABILITY = YES;
				GCC_C_LANGUAGE_STANDARD = gnu11;
				GCC_DYNAMIC_NO_PIC = NO;
				GCC_NO_COMMON_BLOCKS = YES;
				GCC_OPTIMIZATION_LEVEL = 0;
				GCC_PREPROCESSOR_DEFINITIONS = (
					"DEBUG=1",
					"$(inherited)",
				);
				GCC_WARN_64_TO_32_BIT_CONVERSION = YES;
				GCC_WARN_ABOUT_RETURN_TYPE = YES_ERROR;
				GCC_WARN_UNDECLARED_SELECTOR = YES;
				GCC_WARN_UNINITIALIZED_AUTOS = YES_AGGRESSIVE;
				GCC_WARN_UNUSED_FUNCTION = YES;
				GCC_WARN_UNUSED_VARIABLE = YES;
				IPHONEOS_DEPLOYMENT_TARGET = 15.0;
				MTL_ENABLE_DEBUG_INFO = INCLUDE_SOURCE;
				MTL_FAST_MATH = YES;
				ONLY_ACTIVE_ARCH = YES;
				SDKROOT = iphoneos;
				SWIFT_ACTIVE_COMPILATION_CONDITIONS = DEBUG;
				SWIFT_OPTIMIZATION_LEVEL = "-Onone";
			};
			name = Debug;
		};
		6D26F2A02721116E0049ED67 /* Release */ = {
			isa = XCBuildConfiguration;
			buildSettings = {
				ALWAYS_SEARCH_USER_PATHS = NO;
				CLANG_ANALYZER_NONNULL = YES;
				CLANG_ANALYZER_NUMBER_OBJECT_CONVERSION = YES_AGGRESSIVE;
				CLANG_CXX_LANGUAGE_STANDARD = "gnu++17";
				CLANG_CXX_LIBRARY = "libc++";
				CLANG_ENABLE_MODULES = YES;
				CLANG_ENABLE_OBJC_ARC = YES;
				CLANG_ENABLE_OBJC_WEAK = YES;
				CLANG_WARN_BLOCK_CAPTURE_AUTORELEASING = YES;
				CLANG_WARN_BOOL_CONVERSION = YES;
				CLANG_WARN_COMMA = YES;
				CLANG_WARN_CONSTANT_CONVERSION = YES;
				CLANG_WARN_DEPRECATED_OBJC_IMPLEMENTATIONS = YES;
				CLANG_WARN_DIRECT_OBJC_ISA_USAGE = YES_ERROR;
				CLANG_WARN_DOCUMENTATION_COMMENTS = YES;
				CLANG_WARN_EMPTY_BODY = YES;
				CLANG_WARN_ENUM_CONVERSION = YES;
				CLANG_WARN_INFINITE_RECURSION = YES;
				CLANG_WARN_INT_CONVERSION = YES;
				CLANG_WARN_NON_LITERAL_NULL_CONVERSION = YES;
				CLANG_WARN_OBJC_IMPLICIT_RETAIN_SELF = YES;
				CLANG_WARN_OBJC_LITERAL_CONVERSION = YES;
				CLANG_WARN_OBJC_ROOT_CLASS = YES_ERROR;
				CLANG_WARN_QUOTED_INCLUDE_IN_FRAMEWORK_HEADER = YES;
				CLANG_WARN_RANGE_LOOP_ANALYSIS = YES;
				CLANG_WARN_STRICT_PROTOTYPES = YES;
				CLANG_WARN_SUSPICIOUS_MOVE = YES;
				CLANG_WARN_UNGUARDED_AVAILABILITY = YES_AGGRESSIVE;
				CLANG_WARN_UNREACHABLE_CODE = YES;
				CLANG_WARN__DUPLICATE_METHOD_MATCH = YES;
				COPY_PHASE_STRIP = NO;
				DEBUG_INFORMATION_FORMAT = "dwarf-with-dsym";
				ENABLE_NS_ASSERTIONS = NO;
				ENABLE_STRICT_OBJC_MSGSEND = YES;
				GCC_C_LANGUAGE_STANDARD = gnu11;
				GCC_NO_COMMON_BLOCKS = YES;
				GCC_WARN_64_TO_32_BIT_CONVERSION = YES;
				GCC_WARN_ABOUT_RETURN_TYPE = YES_ERROR;
				GCC_WARN_UNDECLARED_SELECTOR = YES;
				GCC_WARN_UNINITIALIZED_AUTOS = YES_AGGRESSIVE;
				GCC_WARN_UNUSED_FUNCTION = YES;
				GCC_WARN_UNUSED_VARIABLE = YES;
				IPHONEOS_DEPLOYMENT_TARGET = 15.0;
				MTL_ENABLE_DEBUG_INFO = NO;
				MTL_FAST_MATH = YES;
				SDKROOT = iphoneos;
				SWIFT_COMPILATION_MODE = wholemodule;
				SWIFT_OPTIMIZATION_LEVEL = "-O";
				VALIDATE_PRODUCT = YES;
			};
			name = Release;
		};
		6D26F2A22721116E0049ED67 /* Debug */ = {
			isa = XCBuildConfiguration;
			buildSettings = {
				ASSETCATALOG_COMPILER_APPICON_NAME = AppIcon;
				ASSETCATALOG_COMPILER_GLOBAL_ACCENT_COLOR_NAME = AccentColor;
				CODE_SIGN_STYLE = Automatic;
				CURRENT_PROJECT_VERSION = 1;
				DEVELOPMENT_ASSET_PATHS = "\"Map_Tutorial/Preview Content\"";
				ENABLE_PREVIEWS = YES;
				GENERATE_INFOPLIST_FILE = YES;
				INFOPLIST_KEY_UIApplicationSceneManifest_Generation = YES;
				INFOPLIST_KEY_UIApplicationSupportsIndirectInputEvents = YES;
				INFOPLIST_KEY_UILaunchScreen_Generation = YES;
				INFOPLIST_KEY_UISupportedInterfaceOrientations_iPad = "UIInterfaceOrientationPortrait UIInterfaceOrientationPortraitUpsideDown UIInterfaceOrientationLandscapeLeft UIInterfaceOrientationLandscapeRight";
				INFOPLIST_KEY_UISupportedInterfaceOrientations_iPhone = "UIInterfaceOrientationPortrait UIInterfaceOrientationLandscapeLeft UIInterfaceOrientationLandscapeRight";
				IPHONEOS_DEPLOYMENT_TARGET = 14.0;
				LD_RUNPATH_SEARCH_PATHS = (
					"$(inherited)",
					"@executable_path/Frameworks",
				);
				MARKETING_VERSION = 1.0;
				PRODUCT_BUNDLE_IDENTIFIER = "test.Map-Tutorial";
				PRODUCT_NAME = "$(TARGET_NAME)";
				SWIFT_EMIT_LOC_STRINGS = YES;
				SWIFT_VERSION = 5.0;
				TARGETED_DEVICE_FAMILY = "1,2";
			};
			name = Debug;
		};
		6D26F2A32721116E0049ED67 /* Release */ = {
			isa = XCBuildConfiguration;
			buildSettings = {
				ASSETCATALOG_COMPILER_APPICON_NAME = AppIcon;
				ASSETCATALOG_COMPILER_GLOBAL_ACCENT_COLOR_NAME = AccentColor;
				CODE_SIGN_STYLE = Automatic;
				CURRENT_PROJECT_VERSION = 1;
				DEVELOPMENT_ASSET_PATHS = "\"Map_Tutorial/Preview Content\"";
				ENABLE_PREVIEWS = YES;
				GENERATE_INFOPLIST_FILE = YES;
				INFOPLIST_KEY_UIApplicationSceneManifest_Generation = YES;
				INFOPLIST_KEY_UIApplicationSupportsIndirectInputEvents = YES;
				INFOPLIST_KEY_UILaunchScreen_Generation = YES;
				INFOPLIST_KEY_UISupportedInterfaceOrientations_iPad = "UIInterfaceOrientationPortrait UIInterfaceOrientationPortraitUpsideDown UIInterfaceOrientationLandscapeLeft UIInterfaceOrientationLandscapeRight";
				INFOPLIST_KEY_UISupportedInterfaceOrientations_iPhone = "UIInterfaceOrientationPortrait UIInterfaceOrientationLandscapeLeft UIInterfaceOrientationLandscapeRight";
				IPHONEOS_DEPLOYMENT_TARGET = 14.0;
				LD_RUNPATH_SEARCH_PATHS = (
					"$(inherited)",
					"@executable_path/Frameworks",
				);
				MARKETING_VERSION = 1.0;
				PRODUCT_BUNDLE_IDENTIFIER = "test.Map-Tutorial";
				PRODUCT_NAME = "$(TARGET_NAME)";
				SWIFT_EMIT_LOC_STRINGS = YES;
				SWIFT_VERSION = 5.0;
				TARGETED_DEVICE_FAMILY = "1,2";
			};
			name = Release;
		};
		6D26F2A52721116E0049ED67 /* Debug */ = {
			isa = XCBuildConfiguration;
			buildSettings = {
				ALWAYS_EMBED_SWIFT_STANDARD_LIBRARIES = YES;
				BUNDLE_LOADER = "$(TEST_HOST)";
				CODE_SIGN_STYLE = Automatic;
				CURRENT_PROJECT_VERSION = 1;
				GENERATE_INFOPLIST_FILE = YES;
				IPHONEOS_DEPLOYMENT_TARGET = 14.0;
				LD_RUNPATH_SEARCH_PATHS = (
					"$(inherited)",
					"@executable_path/Frameworks",
					"@loader_path/Frameworks",
				);
				MARKETING_VERSION = 1.0;
				PRODUCT_BUNDLE_IDENTIFIER = "test.Map-TutorialTests";
				PRODUCT_NAME = "$(TARGET_NAME)";
				SWIFT_EMIT_LOC_STRINGS = NO;
				SWIFT_VERSION = 5.0;
				TARGETED_DEVICE_FAMILY = "1,2";
				TEST_HOST = "$(BUILT_PRODUCTS_DIR)/Map_Tutorial.app/Map_Tutorial";
			};
			name = Debug;
		};
		6D26F2A62721116E0049ED67 /* Release */ = {
			isa = XCBuildConfiguration;
			buildSettings = {
				ALWAYS_EMBED_SWIFT_STANDARD_LIBRARIES = YES;
				BUNDLE_LOADER = "$(TEST_HOST)";
				CODE_SIGN_STYLE = Automatic;
				CURRENT_PROJECT_VERSION = 1;
				GENERATE_INFOPLIST_FILE = YES;
				IPHONEOS_DEPLOYMENT_TARGET = 14.0;
				LD_RUNPATH_SEARCH_PATHS = (
					"$(inherited)",
					"@executable_path/Frameworks",
					"@loader_path/Frameworks",
				);
				MARKETING_VERSION = 1.0;
				PRODUCT_BUNDLE_IDENTIFIER = "test.Map-TutorialTests";
				PRODUCT_NAME = "$(TARGET_NAME)";
				SWIFT_EMIT_LOC_STRINGS = NO;
				SWIFT_VERSION = 5.0;
				TARGETED_DEVICE_FAMILY = "1,2";
				TEST_HOST = "$(BUILT_PRODUCTS_DIR)/Map_Tutorial.app/Map_Tutorial";
			};
			name = Release;
		};
		6D26F2A82721116E0049ED67 /* Debug */ = {
			isa = XCBuildConfiguration;
			buildSettings = {
				ALWAYS_EMBED_SWIFT_STANDARD_LIBRARIES = YES;
				CODE_SIGN_STYLE = Automatic;
				CURRENT_PROJECT_VERSION = 1;
				GENERATE_INFOPLIST_FILE = YES;
				LD_RUNPATH_SEARCH_PATHS = (
					"$(inherited)",
					"@executable_path/Frameworks",
					"@loader_path/Frameworks",
				);
				MARKETING_VERSION = 1.0;
				PRODUCT_BUNDLE_IDENTIFIER = "test.Map-TutorialUITests";
				PRODUCT_NAME = "$(TARGET_NAME)";
				SWIFT_EMIT_LOC_STRINGS = NO;
				SWIFT_VERSION = 5.0;
				TARGETED_DEVICE_FAMILY = "1,2";
				TEST_TARGET_NAME = Map_Tutorial;
			};
			name = Debug;
		};
		6D26F2A92721116E0049ED67 /* Release */ = {
			isa = XCBuildConfiguration;
			buildSettings = {
				ALWAYS_EMBED_SWIFT_STANDARD_LIBRARIES = YES;
				CODE_SIGN_STYLE = Automatic;
				CURRENT_PROJECT_VERSION = 1;
				GENERATE_INFOPLIST_FILE = YES;
				LD_RUNPATH_SEARCH_PATHS = (
					"$(inherited)",
					"@executable_path/Frameworks",
					"@loader_path/Frameworks",
				);
				MARKETING_VERSION = 1.0;
				PRODUCT_BUNDLE_IDENTIFIER = "test.Map-TutorialUITests";
				PRODUCT_NAME = "$(TARGET_NAME)";
				SWIFT_EMIT_LOC_STRINGS = NO;
				SWIFT_VERSION = 5.0;
				TARGETED_DEVICE_FAMILY = "1,2";
				TEST_TARGET_NAME = Map_Tutorial;
			};
			name = Release;
		};
/* End XCBuildConfiguration section */

/* Begin XCConfigurationList section */
		6D26F2782721116E0049ED67 /* Build configuration list for PBXProject "Map_Tutorial" */ = {
			isa = XCConfigurationList;
			buildConfigurations = (
				6D26F29F2721116E0049ED67 /* Debug */,
				6D26F2A02721116E0049ED67 /* Release */,
			);
			defaultConfigurationIsVisible = 0;
			defaultConfigurationName = Release;
		};
		6D26F2A12721116E0049ED67 /* Build configuration list for PBXNativeTarget "Map_Tutorial" */ = {
			isa = XCConfigurationList;
			buildConfigurations = (
				6D26F2A22721116E0049ED67 /* Debug */,
				6D26F2A32721116E0049ED67 /* Release */,
			);
			defaultConfigurationIsVisible = 0;
			defaultConfigurationName = Release;
		};
		6D26F2A42721116E0049ED67 /* Build configuration list for PBXNativeTarget "Map_TutorialTests" */ = {
			isa = XCConfigurationList;
			buildConfigurations = (
				6D26F2A52721116E0049ED67 /* Debug */,
				6D26F2A62721116E0049ED67 /* Release */,
			);
			defaultConfigurationIsVisible = 0;
			defaultConfigurationName = Release;
		};
		6D26F2A72721116E0049ED67 /* Build configuration list for PBXNativeTarget "Map_TutorialUITests" */ = {
			isa = XCConfigurationList;
			buildConfigurations = (
				6D26F2A82721116E0049ED67 /* Debug */,
				6D26F2A92721116E0049ED67 /* Release */,
			);
			defaultConfigurationIsVisible = 0;
			defaultConfigurationName = Release;
		};
/* End XCConfigurationList section */
	};
	rootObject = 6D26F2752721116E0049ED67 /* Project object */;
}
